
Microsoft Visual Studio Solution File, Format Version 12.00
# Visual Studio Version 17
VisualStudioVersion = 17.9.34701.34
MinimumVisualStudioVersion = 10.0.40219.1
Project("{9A19103F-16F7-4668-BE54-9A1E7A4F7556}") = "gitgaldiatersWPF", "gitgaldiatersWPF\gitgaldiatersWPF.csproj", "{2DF238DF-C67C-4554-A5BB-7C7ADD529816}"
EndProject
Global
	GlobalSection(SolutionConfigurationPlatforms) = preSolution
		Debug|Any CPU = Debug|Any CPU
		Release|Any CPU = Release|Any CPU
	EndGlobalSection
	GlobalSection(ProjectConfigurationPlatforms) = postSolution
		{2DF238DF-C67C-4554-A5BB-7C7ADD529816}.Debug|Any CPU.ActiveCfg = Debug|Any CPU
		{2DF238DF-C67C-4554-A5BB-7C7ADD529816}.Debug|Any CPU.Build.0 = Debug|Any CPU
		{2DF238DF-C67C-4554-A5BB-7C7ADD529816}.Release|Any CPU.ActiveCfg = Release|Any CPU
		{2DF238DF-C67C-4554-A5BB-7C7ADD529816}.Release|Any CPU.Build.0 = Release|Any CPU
	EndGlobalSection
	GlobalSection(SolutionProperties) = preSolution
		HideSolutionNode = FALSE
	EndGlobalSection
	GlobalSection(ExtensibilityGlobals) = postSolution
		SolutionGuid = {381AD141-1AA4-4992-B4A4-D8EFB6EB36FD}
	EndGlobalSection
EndGlobal
